
Microsoft Visual Studio Solution File, Format Version 12.00
# Visual Studio 15
VisualStudioVersion = 15.0.28010.2026
MinimumVisualStudioVersion = 10.0.40219.1
Project("{8BC9CEB8-8B4A-11D0-8D11-00A0C91BC942}") = "sudoku", "sudoku\sudoku.vcxproj", "{25D16CB4-C580-46A4-B000-0B0AFC250622}"
EndProject
Project("{8BC9CEB8-8B4A-11D0-8D11-00A0C91BC942}") = "UnitTest1", "UnitTest1\UnitTest1.vcxproj", "{DE723FB4-2664-4070-97AB-534810F50E71}"
EndProject
Global
	GlobalSection(SolutionConfigurationPlatforms) = preSolution
		Debug|x64 = Debug|x64
		Debug|x86 = Debug|x86
		Release|x64 = Release|x64
		Release|x86 = Release|x86
	EndGlobalSection
	GlobalSection(ProjectConfigurationPlatforms) = postSolution
		{25D16CB4-C580-46A4-B000-0B0AFC250622}.Debug|x64.ActiveCfg = Debug|x64
		{25D16CB4-C580-46A4-B000-0B0AFC250622}.Debug|x64.Build.0 = Debug|x64
		{25D16CB4-C580-46A4-B000-0B0AFC250622}.Debug|x86.ActiveCfg = Debug|Win32
		{25D16CB4-C580-46A4-B000-0B0AFC250622}.Debug|x86.Build.0 = Debug|Win32
		{25D16CB4-C580-46A4-B000-0B0AFC250622}.Release|x64.ActiveCfg = Release|x64
		{25D16CB4-C580-46A4-B000-0B0AFC250622}.Release|x64.Build.0 = Release|x64
		{25D16CB4-C580-46A4-B000-0B0AFC250622}.Release|x86.ActiveCfg = Release|Win32
		{25D16CB4-C580-46A4-B000-0B0AFC250622}.Release|x86.Build.0 = Release|Win32
		{DE723FB4-2664-4070-97AB-534810F50E71}.Debug|x64.ActiveCfg = Debug|x64
		{DE723FB4-2664-4070-97AB-534810F50E71}.Debug|x64.Build.0 = Debug|x64
		{DE723FB4-2664-4070-97AB-534810F50E71}.Debug|x86.ActiveCfg = Debug|Win32
		{DE723FB4-2664-4070-97AB-534810F50E71}.Debug|x86.Build.0 = Debug|Win32
		{DE723FB4-2664-4070-97AB-534810F50E71}.Release|x64.ActiveCfg = Release|x64
		{DE723FB4-2664-4070-97AB-534810F50E71}.Release|x64.Build.0 = Release|x64
		{DE723FB4-2664-4070-97AB-534810F50E71}.Release|x86.ActiveCfg = Release|Win32
		{DE723FB4-2664-4070-97AB-534810F50E71}.Release|x86.Build.0 = Release|Win32
	EndGlobalSection
	GlobalSection(SolutionProperties) = preSolution
		HideSolutionNode = FALSE
	EndGlobalSection
	GlobalSection(ExtensibilityGlobals) = postSolution
		SolutionGuid = {BDB6EEE0-A465-4407-8DE6-DEA4EBE1CE66}
	EndGlobalSection
EndGlobal
